{
  "name": "twitch",
  "version": "1.0.0",
  "lockfileVersion": 2,
  "requires": true,
  "packages": {
    "": {
      "name": "twitch",
      "version": "1.0.0",
      "dependencies": {
        "@twurple/api": "^8.0.3",
        "@twurple/auth": "^8.0.3",
        "@twurple/eventsub-ws": "^8.0.3"
      }
    },
    "node_modules/@d-fischer/cache-decorators": {
      "version": "4.0.1",
      "resolved": "https://registry.npmjs.org/@d-fischer/cache-decorators/-/cache-decorators-4.0.1.tgz",
      "integrity": "sha512-HNYLBLWs/t28GFZZeqdIBqq8f37mqDIFO6xNPof94VjpKvuP6ROqCZGafx88dk5zZUlBfViV9jD8iNNlXfc4CA==",
      "license": "MIT",
      "dependencies": {
        "@d-fischer/shared-utils": "^3.6.3",
        "tslib": "^2.6.2"
      }
    },
    "node_modules/@d-fischer/connection": {
      "version": "9.0.0",
      "resolved": "https://registry.npmjs.org/@d-fischer/connection/-/connection-9.0.0.tgz",
      "integrity": "sha512-Mljp/EbaE+eYWfsFXUOk+RfpbHgrWGL/60JkAvjYixw6KREfi5r17XdUiXe54ByAQox6jwgdN2vebdmW1BT+nQ==",
      "license": "MIT",
      "dependencies": {
        "@d-fischer/isomorphic-ws": "^7.0.0",
        "@d-fischer/logger": "^4.2.1",
        "@d-fischer/shared-utils": "^3.5.0",
        "@d-fischer/typed-event-emitter": "^3.3.0",
        "@types/ws": "^8.5.4",
        "tslib": "^2.4.1",
        "ws": "^8.11.0"
      },
      "funding": {
        "url": "https://github.com/sponsors/d-fischer"
      }
    },
    "node_modules/@d-fischer/detect-node": {
      "version": "3.0.1",
      "resolved": "https://registry.npmjs.org/@d-fischer/detect-node/-/detect-node-3.0.1.tgz",
      "integrity": "sha512-0Rf3XwTzuTh8+oPZW9SfxTIiL+26RRJ0BRPwj5oVjZFyFKmsj9RGfN2zuTRjOuA3FCK/jYm06HOhwNK+8Pfv8w=="
    },
    "node_modules/@d-fischer/isomorphic-ws": {
      "version": "7.0.2",
      "resolved": "https://registry.npmjs.org/@d-fischer/isomorphic-ws/-/isomorphic-ws-7.0.2.tgz",
      "integrity": "sha512-xK+qIJUF0ne3dsjq5Y3BviQ4M+gx9dzkN+dPP7abBMje4YRfow+X9jBgeEoTe5e+Q6+8hI9R0b37Okkk8Vf0hQ==",
      "license": "MIT",
      "peerDependencies": {
        "ws": "^8.2.0"
      }
    },
    "node_modules/@d-fischer/logger": {
      "version": "4.2.3",
      "resolved": "https://registry.npmjs.org/@d-fischer/logger/-/logger-4.2.3.tgz",
      "integrity": "sha512-mJUx9OgjrNVLQa4od/+bqnmD164VTCKnK5B4WOW8TX5y/3w2i58p+PMRE45gUuFjk2BVtOZUg55JQM3d619fdw==",
      "dependencies": {
        "@d-fischer/detect-node": "^3.0.1",
        "@d-fischer/shared-utils": "^3.2.0",
        "tslib": "^2.0.3"
      },
      "funding": {
        "url": "https://github.com/sponsors/d-fischer"
      }
    },
    "node_modules/@d-fischer/rate-limiter": {
      "version": "1.1.0",
      "resolved": "https://registry.npmjs.org/@d-fischer/rate-limiter/-/rate-limiter-1.1.0.tgz",
      "integrity": "sha512-O5HgACwApyCZhp4JTEBEtbv/W3eAwEkrARFvgWnEsDmXgCMWjIHwohWoHre5BW6IYXFSHBGsuZB/EvNL3942kQ==",
      "license": "MIT",
      "dependencies": {
        "@d-fischer/logger": "^4.2.3",
        "@d-fischer/shared-utils": "^3.6.3",
        "tslib": "^2.6.2"
      },
      "funding": {
        "url": "https://github.com/sponsors/d-fischer"
      }
    },
    "node_modules/@d-fischer/shared-utils": {
      "version": "3.6.3",
      "resolved": "https://registry.npmjs.org/@d-fischer/shared-utils/-/shared-utils-3.6.3.tgz",
      "integrity": "sha512-Lz+Qk1WJLVoeREOHPZcIDTHOoxecxMSG2sq+x1xWYCH1exqiMKMMx06pXdy15UzHG7ohvQRNXk2oHqZ9EOl9jQ==",
      "dependencies": {
        "tslib": "^2.4.1"
      },
      "funding": {
        "url": "https://github.com/sponsors/d-fischer"
      }
    },
    "node_modules/@d-fischer/typed-event-emitter": {
      "version": "3.3.2",
      "resolved": "https://registry.npmjs.org/@d-fischer/typed-event-emitter/-/typed-event-emitter-3.3.2.tgz",
      "integrity": "sha512-M+fZQxiAA6UTwaTNeDhNoQcQG+eg9B85cNTw4FwwmN0ZEi6IfvXS0cnLFW1Ec86TdnFkoQ1VHxGx4pTtKPVe1Q==",
      "dependencies": {
        "tslib": "^2.4.0"
      },
      "funding": {
        "url": "https://github.com/sponsors/d-fischer"
      }
    },
    "node_modules/@twurple/api": {
      "version": "8.0.3",
      "resolved": "https://registry.npmjs.org/@twurple/api/-/api-8.0.3.tgz",
      "integrity": "sha512-vnqVi9YlNDbCqgpUUvTIq4sDitKCY0dkTw9zPluZvRNqUB1eCsuoaRNW96HQDhKtA9P4pRzwZ8xU7v/1KU2ytg==",
      "license": "MIT",
      "dependencies": {
        "@d-fischer/cache-decorators": "^4.0.0",
        "@d-fischer/detect-node": "^3.0.1",
        "@d-fischer/logger": "^4.2.1",
        "@d-fischer/rate-limiter": "^1.1.0",
        "@d-fischer/shared-utils": "^3.6.1",
        "@d-fischer/typed-event-emitter": "^3.3.1",
        "@twurple/api-call": "8.0.3",
        "@twurple/common": "8.0.3",
        "retry": "^0.13.1",
        "tslib": "^2.0.3"
      },
      "funding": {
        "url": "https://github.com/sponsors/d-fischer"
      },
      "peerDependencies": {
        "@twurple/auth": "8.0.3"
      }
    },
    "node_modules/@twurple/api-call": {
      "version": "8.0.3",
      "resolved": "https://registry.npmjs.org/@twurple/api-call/-/api-call-8.0.3.tgz",
      "integrity": "sha512-/5DBTqFjpYB+qqOkkFzoTWE79a7+I8uLXmBIIIYjGoq/CIPxKcHnlemXlU8cQhTr87PVa3th8zJXGYiNkpRx8w==",
      "license": "MIT",
      "dependencies": {
        "@d-fischer/shared-utils": "^3.6.1",
        "@twurple/common": "8.0.3",
        "tslib": "^2.0.3"
      },
      "funding": {
        "url": "https://github.com/sponsors/d-fischer"
      }
    },
    "node_modules/@twurple/auth": {
      "version": "8.0.3",
      "resolved": "https://registry.npmjs.org/@twurple/auth/-/auth-8.0.3.tgz",
      "integrity": "sha512-Xlv+WNXmGQir4aBXYeRCqdno5XurA6jzYTIovSEHa7FZf3AMHMFqtzW7yqTCUn4iOahfUSA2TIIxmxFM0wis0g==",
      "license": "MIT",
      "dependencies": {
        "@d-fischer/logger": "^4.2.1",
        "@d-fischer/shared-utils": "^3.6.1",
        "@d-fischer/typed-event-emitter": "^3.3.1",
        "@twurple/api-call": "8.0.3",
        "@twurple/common": "8.0.3",
        "tslib": "^2.0.3"
      },
      "funding": {
        "url": "https://github.com/sponsors/d-fischer"
      }
    },
    "node_modules/@twurple/common": {
      "version": "8.0.3",
      "resolved": "https://registry.npmjs.org/@twurple/common/-/common-8.0.3.tgz",
      "integrity": "sha512-JQ2lb5qSFT21Y9qMfIouAILb94ppedLHASq49Fe/AP8oq0k3IC9Q7tX2n6tiMzGWqn+n8MnONUpMSZ6FhulMXA==",
      "license": "MIT",
      "dependencies": {
        "@d-fischer/shared-utils": "^3.6.1",
        "klona": "^2.0.4",
        "tslib": "^2.0.3"
      },
      "funding": {
        "url": "https://github.com/sponsors/d-fischer"
      }
    },
    "node_modules/@twurple/eventsub-base": {
      "version": "8.0.3",
      "resolved": "https://registry.npmjs.org/@twurple/eventsub-base/-/eventsub-base-8.0.3.tgz",
      "integrity": "sha512-59G5xJbHWLTSO6NAgwtkHPfIlmdjrABgiEumFnHhNusMbLM9qdA+kLcW5NB2NImNliytl6zZtqY92FInzUE6NA==",
      "license": "MIT",
      "dependencies": {
        "@d-fischer/logger": "^4.2.1",
        "@d-fischer/shared-utils": "^3.6.1",
        "@d-fischer/typed-event-emitter": "^3.3.0",
        "@twurple/api": "8.0.3",
        "@twurple/auth": "8.0.3",
        "@twurple/common": "8.0.3",
        "tslib": "^2.0.3"
      },
      "funding": {
        "url": "https://github.com/sponsors/d-fischer"
      }
    },
    "node_modules/@twurple/eventsub-ws": {
      "version": "8.0.3",
      "resolved": "https://registry.npmjs.org/@twurple/eventsub-ws/-/eventsub-ws-8.0.3.tgz",
      "integrity": "sha512-ndZ5GlekLD34updOHajNdz0p49IysBL8yNm7RvhHr0Pg/5B+TEjjg4uuxZixZ+e3i/BLSBfff1BI2GHzvEn+4Q==",
      "license": "MIT",
      "dependencies": {
        "@d-fischer/connection": "^9.0.0",
        "@d-fischer/logger": "^4.2.1",
        "@d-fischer/shared-utils": "^3.6.1",
        "@d-fischer/typed-event-emitter": "^3.3.0",
        "@twurple/auth": "8.0.3",
        "@twurple/common": "8.0.3",
        "@twurple/eventsub-base": "8.0.3",
        "tslib": "^2.0.3"
      },
      "funding": {
        "url": "https://github.com/sponsors/d-fischer"
      },
      "peerDependencies": {
        "@twurple/api": "8.0.3"
      }
    },
    "node_modules/@types/node": {
      "version": "25.0.10",
      "resolved": "https://registry.npmjs.org/@types/node/-/node-25.0.10.tgz",
      "integrity": "sha512-zWW5KPngR/yvakJgGOmZ5vTBemDoSqF3AcV/LrO5u5wTWyEAVVh+IT39G4gtyAkh3CtTZs8aX/yRM82OfzHJRg==",
      "license": "MIT",
      "dependencies": {
        "undici-types": "~7.16.0"
      }
    },
    "node_modules/@types/ws": {
      "version": "8.18.1",
      "resolved": "https://registry.npmjs.org/@types/ws/-/ws-8.18.1.tgz",
      "integrity": "sha512-ThVF6DCVhA8kUGy+aazFQ4kXQ7E1Ty7A3ypFOe0IcJV8O/M511G99AW24irKrW56Wt44yG9+ij8FaqoBGkuBXg==",
      "license": "MIT",
      "dependencies": {
        "@types/node": "*"
      }
    },
    "node_modules/klona": {
      "version": "2.0.6",
      "resolved": "https://registry.npmjs.org/klona/-/klona-2.0.6.tgz",
      "integrity": "sha512-dhG34DXATL5hSxJbIexCft8FChFXtmskoZYnoPWjXQuebWYCNkVeV3KkGegCK9CP1oswI/vQibS2GY7Em/sJJA==",
      "license": "MIT",
      "engines": {
        "node": ">= 8"
      }
    },
    "node_modules/retry": {
      "version": "0.13.1",
      "resolved": "https://registry.npmjs.org/retry/-/retry-0.13.1.tgz",
      "integrity": "sha512-XQBQ3I8W1Cge0Seh+6gjj03LbmRFWuoszgK9ooCpwYIrhhoO80pfq4cUkU5DkknwfOfFteRwlZ56PYOGYyFWdg==",
      "engines": {
        "node": ">= 4"
      }
    },
    "node_modules/tslib": {
      "version": "2.6.2",
      "resolved": "https://registry.npmjs.org/tslib/-/tslib-2.6.2.tgz",
      "integrity": "sha512-AEYxH93jGFPn/a2iVAwW87VuUIkR1FVUKB77NwMF7nBTDkDrrT/Hpt/IrCJ0QXhW27jTBDcf5ZY7w6RiqTMw2Q=="
    },
    "node_modules/undici-types": {
      "version": "7.16.0",
      "resolved": "https://registry.npmjs.org/undici-types/-/undici-types-7.16.0.tgz",
      "integrity": "sha512-Zz+aZWSj8LE6zoxD+xrjh4VfkIG8Ya6LvYkZqtUQGJPZjYl53ypCaUwWqo7eI0x66KBGeRo+mlBEkMSeSZ38Nw==",
      "license": "MIT"
    },
    "node_modules/ws": {
      "version": "8.19.0",
      "resolved": "https://registry.npmjs.org/ws/-/ws-8.19.0.tgz",
      "integrity": "sha512-blAT2mjOEIi0ZzruJfIhb3nps74PRWTCz1IjglWEEpQl5XS/UNama6u2/rjFkDDouqr4L67ry+1aGIALViWjDg==",
      "license": "MIT",
      "engines": {
        "node": ">=10.0.0"
      },
      "peerDependencies": {
        "bufferutil": "^4.0.1",
        "utf-8-validate": ">=5.0.2"
      },
      "peerDependenciesMeta": {
        "bufferutil": {
          "optional": true
        },
        "utf-8-validate": {
          "optional": true
        }
      }
    }
  },
  "dependencies": {
    "@d-fischer/cache-decorators": {
      "version": "4.0.1",
      "resolved": "https://registry.npmjs.org/@d-fischer/cache-decorators/-/cache-decorators-4.0.1.tgz",
      "integrity": "sha512-HNYLBLWs/t28GFZZeqdIBqq8f37mqDIFO6xNPof94VjpKvuP6ROqCZGafx88dk5zZUlBfViV9jD8iNNlXfc4CA==",
      "requires": {
        "@d-fischer/shared-utils": "^3.6.3",
        "tslib": "^2.6.2"
      }
    },
    "@d-fischer/connection": {
      "version": "9.0.0",
      "resolved": "https://registry.npmjs.org/@d-fischer/connection/-/connection-9.0.0.tgz",
      "integrity": "sha512-Mljp/EbaE+eYWfsFXUOk+RfpbHgrWGL/60JkAvjYixw6KREfi5r17XdUiXe54ByAQox6jwgdN2vebdmW1BT+nQ==",
      "requires": {
        "@d-fischer/isomorphic-ws": "^7.0.0",
        "@d-fischer/logger": "^4.2.1",
        "@d-fischer/shared-utils": "^3.5.0",
        "@d-fischer/typed-event-emitter": "^3.3.0",
        "@types/ws": "^8.5.4",
        "tslib": "^2.4.1",
        "ws": "^8.11.0"
      }
    },
    "@d-fischer/detect-node": {
      "version": "3.0.1",
      "resolved": "https://registry.npmjs.org/@d-fischer/detect-node/-/detect-node-3.0.1.tgz",
      "integrity": "sha512-0Rf3XwTzuTh8+oPZW9SfxTIiL+26RRJ0BRPwj5oVjZFyFKmsj9RGfN2zuTRjOuA3FCK/jYm06HOhwNK+8Pfv8w=="
    },
    "@d-fischer/isomorphic-ws": {
      "version": "7.0.2",
      "resolved": "https://registry.npmjs.org/@d-fischer/isomorphic-ws/-/isomorphic-ws-7.0.2.tgz",
      "integrity": "sha512-xK+qIJUF0ne3dsjq5Y3BviQ4M+gx9dzkN+dPP7abBMje4YRfow+X9jBgeEoTe5e+Q6+8hI9R0b37Okkk8Vf0hQ==",
      "requires": {}
    },
    "@d-fischer/logger": {
      "version": "4.2.3",
      "resolved": "https://registry.npmjs.org/@d-fischer/logger/-/logger-4.2.3.tgz",
      "integrity": "sha512-mJUx9OgjrNVLQa4od/+bqnmD164VTCKnK5B4WOW8TX5y/3w2i58p+PMRE45gUuFjk2BVtOZUg55JQM3d619fdw==",
      "requires": {
        "@d-fischer/detect-node": "^3.0.1",
        "@d-fischer/shared-utils": "^3.2.0",
        "tslib": "^2.0.3"
      }
    },
    "@d-fischer/rate-limiter": {
      "version": "1.1.0",
      "resolved": "https://registry.npmjs.org/@d-fischer/rate-limiter/-/rate-limiter-1.1.0.tgz",
      "integrity": "sha512-O5HgACwApyCZhp4JTEBEtbv/W3eAwEkrARFvgWnEsDmXgCMWjIHwohWoHre5BW6IYXFSHBGsuZB/EvNL3942kQ==",
      "requires": {
        "@d-fischer/logger": "^4.2.3",
        "@d-fischer/shared-utils": "^3.6.3",
        "tslib": "^2.6.2"
      }
    },
    "@d-fischer/shared-utils": {
      "version": "3.6.3",
      "resolved": "https://registry.npmjs.org/@d-fischer/shared-utils/-/shared-utils-3.6.3.tgz",
      "integrity": "sha512-Lz+Qk1WJLVoeREOHPZcIDTHOoxecxMSG2sq+x1xWYCH1exqiMKMMx06pXdy15UzHG7ohvQRNXk2oHqZ9EOl9jQ==",
      "requires": {
        "tslib": "^2.4.1"
      }
    },
    "@d-fischer/typed-event-emitter": {
      "version": "3.3.2",
      "resolved": "https://registry.npmjs.org/@d-fischer/typed-event-emitter/-/typed-event-emitter-3.3.2.tgz",
      "integrity": "sha512-M+fZQxiAA6UTwaTNeDhNoQcQG+eg9B85cNTw4FwwmN0ZEi6IfvXS0cnLFW1Ec86TdnFkoQ1VHxGx4pTtKPVe1Q==",
      "requires": {
        "tslib": "^2.4.0"
      }
    },
    "@twurple/api": {
      "version": "8.0.3",
      "resolved": "https://registry.npmjs.org/@twurple/api/-/api-8.0.3.tgz",
      "integrity": "sha512-vnqVi9YlNDbCqgpUUvTIq4sDitKCY0dkTw9zPluZvRNqUB1eCsuoaRNW96HQDhKtA9P4pRzwZ8xU7v/1KU2ytg==",
      "requires": {
        "@d-fischer/cache-decorators": "^4.0.0",
        "@d-fischer/detect-node": "^3.0.1",
        "@d-fischer/logger": "^4.2.1",
        "@d-fischer/rate-limiter": "^1.1.0",
        "@d-fischer/shared-utils": "^3.6.1",
        "@d-fischer/typed-event-emitter": "^3.3.1",
        "@twurple/api-call": "8.0.3",
        "@twurple/common": "8.0.3",
        "retry": "^0.13.1",
        "tslib": "^2.0.3"
      }
    },
    "@twurple/api-call": {
      "version": "8.0.3",
      "resolved": "https://registry.npmjs.org/@twurple/api-call/-/api-call-8.0.3.tgz",
      "integrity": "sha512-/5DBTqFjpYB+qqOkkFzoTWE79a7+I8uLXmBIIIYjGoq/CIPxKcHnlemXlU8cQhTr87PVa3th8zJXGYiNkpRx8w==",
      "requires": {
        "@d-fischer/shared-utils": "^3.6.1",
        "@twurple/common": "8.0.3",
        "tslib": "^2.0.3"
      }
    },
    "@twurple/auth": {
      "version": "8.0.3",
      "resolved": "https://registry.npmjs.org/@twurple/auth/-/auth-8.0.3.tgz",
      "integrity": "sha512-Xlv+WNXmGQir4aBXYeRCqdno5XurA6jzYTIovSEHa7FZf3AMHMFqtzW7yqTCUn4iOahfUSA2TIIxmxFM0wis0g==",
      "requires": {
        "@d-fischer/logger": "^4.2.1",
        "@d-fischer/shared-utils": "^3.6.1",
        "@d-fischer/typed-event-emitter": "^3.3.1",
        "@twurple/api-call": "8.0.3",
        "@twurple/common": "8.0.3",
        "tslib": "^2.0.3"
      }
    },
    "@twurple/common": {
      "version": "8.0.3",
      "resolved": "https://registry.npmjs.org/@twurple/common/-/common-8.0.3.tgz",
      "integrity": "sha512-JQ2lb5qSFT21Y9qMfIouAILb94ppedLHASq49Fe/AP8oq0k3IC9Q7tX2n6tiMzGWqn+n8MnONUpMSZ6FhulMXA==",
      "requires": {
        "@d-fischer/shared-utils": "^3.6.1",
        "klona": "^2.0.4",
        "tslib": "^2.0.3"
      }
    },
    "@twurple/eventsub-base": {
      "version": "8.0.3",
      "resolved": "https://registry.npmjs.org/@twurple/eventsub-base/-/eventsub-base-8.0.3.tgz",
      "integrity": "sha512-59G5xJbHWLTSO6NAgwtkHPfIlmdjrABgiEumFnHhNusMbLM9qdA+kLcW5NB2NImNliytl6zZtqY92FInzUE6NA==",
      "requires": {
        "@d-fischer/logger": "^4.2.1",
        "@d-fischer/shared-utils": "^3.6.1",
        "@d-fischer/typed-event-emitter": "^3.3.0",
        "@twurple/api": "8.0.3",
        "@twurple/auth": "8.0.3",
        "@twurple/common": "8.0.3",
        "tslib": "^2.0.3"
      }
    },
    "@twurple/eventsub-ws": {
      "version": "8.0.3",
      "resolved": "https://registry.npmjs.org/@twurple/eventsub-ws/-/eventsub-ws-8.0.3.tgz",
      "integrity": "sha512-ndZ5GlekLD34updOHajNdz0p49IysBL8yNm7RvhHr0Pg/5B+TEjjg4uuxZixZ+e3i/BLSBfff1BI2GHzvEn+4Q==",
      "requires": {
        "@d-fischer/connection": "^9.0.0",
        "@d-fischer/logger": "^4.2.1",
        "@d-fischer/shared-utils": "^3.6.1",
        "@d-fischer/typed-event-emitter": "^3.3.0",
        "@twurple/auth": "8.0.3",
        "@twurple/common": "8.0.3",
        "@twurple/eventsub-base": "8.0.3",
        "tslib": "^2.0.3"
      }
    },
    "@types/node": {
      "version": "25.0.10",
      "resolved": "https://registry.npmjs.org/@types/node/-/node-25.0.10.tgz",
      "integrity": "sha512-zWW5KPngR/yvakJgGOmZ5vTBemDoSqF3AcV/LrO5u5wTWyEAVVh+IT39G4gtyAkh3CtTZs8aX/yRM82OfzHJRg==",
      "requires": {
        "undici-types": "~7.16.0"
      }
    },
    "@types/ws": {
      "version": "8.18.1",
      "resolved": "https://registry.npmjs.org/@types/ws/-/ws-8.18.1.tgz",
      "integrity": "sha512-ThVF6DCVhA8kUGy+aazFQ4kXQ7E1Ty7A3ypFOe0IcJV8O/M511G99AW24irKrW56Wt44yG9+ij8FaqoBGkuBXg==",
      "requires": {
        "@types/node": "*"
      }
    },
    "klona": {
      "version": "2.0.6",
      "resolved": "https://registry.npmjs.org/klona/-/klona-2.0.6.tgz",
      "integrity": "sha512-dhG34DXATL5hSxJbIexCft8FChFXtmskoZYnoPWjXQuebWYCNkVeV3KkGegCK9CP1oswI/vQibS2GY7Em/sJJA=="
    },
    "retry": {
      "version": "0.13.1",
      "resolved": "https://registry.npmjs.org/retry/-/retry-0.13.1.tgz",
      "integrity": "sha512-XQBQ3I8W1Cge0Seh+6gjj03LbmRFWuoszgK9ooCpwYIrhhoO80pfq4cUkU5DkknwfOfFteRwlZ56PYOGYyFWdg=="
    },
    "tslib": {
      "version": "2.6.2",
      "resolved": "https://registry.npmjs.org/tslib/-/tslib-2.6.2.tgz",
      "integrity": "sha512-AEYxH93jGFPn/a2iVAwW87VuUIkR1FVUKB77NwMF7nBTDkDrrT/Hpt/IrCJ0QXhW27jTBDcf5ZY7w6RiqTMw2Q=="
    },
    "undici-types": {
      "version": "7.16.0",
      "resolved": "https://registry.npmjs.org/undici-types/-/undici-types-7.16.0.tgz",
      "integrity": "sha512-Zz+aZWSj8LE6zoxD+xrjh4VfkIG8Ya6LvYkZqtUQGJPZjYl53ypCaUwWqo7eI0x66KBGeRo+mlBEkMSeSZ38Nw=="
    },
    "ws": {
      "version": "8.19.0",
      "resolved": "https://registry.npmjs.org/ws/-/ws-8.19.0.tgz",
      "integrity": "sha512-blAT2mjOEIi0ZzruJfIhb3nps74PRWTCz1IjglWEEpQl5XS/UNama6u2/rjFkDDouqr4L67ry+1aGIALViWjDg==",
      "requires": {}
    }
  }
}
